
Microsoft Visual Studio Solution File, Format Version 12.00
# Visual Studio Version 17
VisualStudioVersion = 17.8.34316.72
MinimumVisualStudioVersion = 10.0.40219.1
Project("{FAE04EC0-301F-11D3-BF4B-00C04F79EFBC}") = "Collections", "Collections.csproj", "{8B908BEB-1669-4FB8-90E0-94D54BC3FBC4}"
EndProject
Global
	GlobalSection(SolutionConfigurationPlatforms) = preSolution
		Debug|Any CPU = Debug|Any CPU
		Release|Any CPU = Release|Any CPU
	EndGlobalSection
	GlobalSection(ProjectConfigurationPlatforms) = postSolution
		{8B908BEB-1669-4FB8-90E0-94D54BC3FBC4}.Debug|Any CPU.ActiveCfg = Debug|Any CPU
		{8B908BEB-1669-4FB8-90E0-94D54BC3FBC4}.Debug|Any CPU.Build.0 = Debug|Any CPU
		{8B908BEB-1669-4FB8-90E0-94D54BC3FBC4}.Release|Any CPU.ActiveCfg = Release|Any CPU
		{8B908BEB-1669-4FB8-90E0-94D54BC3FBC4}.Release|Any CPU.Build.0 = Release|Any CPU
	EndGlobalSection
	GlobalSection(SolutionProperties) = preSolution
		HideSolutionNode = FALSE
	EndGlobalSection
	GlobalSection(ExtensibilityGlobals) = postSolution
		SolutionGuid = {0FFAA334-D9DC-46EB-B542-AFDE275F65EB}
	EndGlobalSection
EndGlobal
