
Microsoft Visual Studio Solution File, Format Version 12.00
# Visual Studio Version 17
VisualStudioVersion = 17.8.34316.72
MinimumVisualStudioVersion = 10.0.40219.1
Project("{FAE04EC0-301F-11D3-BF4B-00C04F79EFBC}") = "Console-Programming", "Console-Programming.csproj", "{9A144BB0-F04E-4E0F-8A79-2A76DCD44CA4}"
EndProject
Global
	GlobalSection(SolutionConfigurationPlatforms) = preSolution
		Debug|Any CPU = Debug|Any CPU
		Release|Any CPU = Release|Any CPU
	EndGlobalSection
	GlobalSection(ProjectConfigurationPlatforms) = postSolution
		{9A144BB0-F04E-4E0F-8A79-2A76DCD44CA4}.Debug|Any CPU.ActiveCfg = Debug|Any CPU
		{9A144BB0-F04E-4E0F-8A79-2A76DCD44CA4}.Debug|Any CPU.Build.0 = Debug|Any CPU
		{9A144BB0-F04E-4E0F-8A79-2A76DCD44CA4}.Release|Any CPU.ActiveCfg = Release|Any CPU
		{9A144BB0-F04E-4E0F-8A79-2A76DCD44CA4}.Release|Any CPU.Build.0 = Release|Any CPU
	EndGlobalSection
	GlobalSection(SolutionProperties) = preSolution
		HideSolutionNode = FALSE
	EndGlobalSection
	GlobalSection(ExtensibilityGlobals) = postSolution
		SolutionGuid = {8C70A3AE-FC94-437B-B946-39342D7687CA}
	EndGlobalSection
EndGlobal
